
Microsoft Visual Studio Solution File, Format Version 12.00
# Visual Studio 15
VisualStudioVersion = 15.0.27004.2002
MinimumVisualStudioVersion = 10.0.40219.1
Project("{FAE04EC0-301F-11D3-BF4B-00C04F79EFBC}") = "QuirkSandbox", "QuirkSandbox\QuirkSandbox\QuirkSandbox.csproj", "{9A52D383-9C15-4A02-840A-52AE822BB074}"
EndProject
Project("{FAE04EC0-301F-11D3-BF4B-00C04F79EFBC}") = "QuirkSandbox.Droid", "QuirkSandbox\QuirkSandbox.Droid\QuirkSandbox.Droid.csproj", "{90F18455-0874-4B5E-8F5C-37C1E80F715C}"
EndProject
Project("{FAE04EC0-301F-11D3-BF4B-00C04F79EFBC}") = "QuirkSandbox.iOS", "QuirkSandbox\QuirkSandbox.iOS\QuirkSandbox.iOS.csproj", "{78DACEFB-9474-4A89-9FFF-9E937DA45CB0}"
EndProject
Project("{FAE04EC0-301F-11D3-BF4B-00C04F79EFBC}") = "QuirkSandbox.UWP", "QuirkSandbox\QuirkSandbox.UWP\QuirkSandbox.UWP.csproj", "{0F709C7D-34C8-400D-88DE-7444BE9EFB96}"
EndProject
Global
	GlobalSection(SolutionConfigurationPlatforms) = preSolution
		Ad-Hoc|Any CPU = Ad-Hoc|Any CPU
		Ad-Hoc|ARM = Ad-Hoc|ARM
		Ad-Hoc|iPhone = Ad-Hoc|iPhone
		Ad-Hoc|iPhoneSimulator = Ad-Hoc|iPhoneSimulator
		Ad-Hoc|x64 = Ad-Hoc|x64
		Ad-Hoc|x86 = Ad-Hoc|x86
		AppStore|Any CPU = AppStore|Any CPU
		AppStore|ARM = AppStore|ARM
		AppStore|iPhone = AppStore|iPhone
		AppStore|iPhoneSimulator = AppStore|iPhoneSimulator
		AppStore|x64 = AppStore|x64
		AppStore|x86 = AppStore|x86
		Debug|Any CPU = Debug|Any CPU
		Debug|ARM = Debug|ARM
		Debug|iPhone = Debug|iPhone
		Debug|iPhoneSimulator = Debug|iPhoneSimulator
		Debug|x64 = Debug|x64
		Debug|x86 = Debug|x86
		Release|Any CPU = Release|Any CPU
		Release|ARM = Release|ARM
		Release|iPhone = Release|iPhone
		Release|iPhoneSimulator = Release|iPhoneSimulator
		Release|x64 = Release|x64
		Release|x86 = Release|x86
	EndGlobalSection
	GlobalSection(ProjectConfigurationPlatforms) = postSolution
		{9A52D383-9C15-4A02-840A-52AE822BB074}.Ad-Hoc|Any CPU.ActiveCfg = Release|Any CPU
		{9A52D383-9C15-4A02-840A-52AE822BB074}.Ad-Hoc|Any CPU.Build.0 = Release|Any CPU
		{9A52D383-9C15-4A02-840A-52AE822BB074}.Ad-Hoc|ARM.ActiveCfg = Release|Any CPU
		{9A52D383-9C15-4A02-840A-52AE822BB074}.Ad-Hoc|ARM.Build.0 = Release|Any CPU
		{9A52D383-9C15-4A02-840A-52AE822BB074}.Ad-Hoc|iPhone.ActiveCfg = Release|Any CPU
		{9A52D383-9C15-4A02-840A-52AE822BB074}.Ad-Hoc|iPhone.Build.0 = Release|Any CPU
		{9A52D383-9C15-4A02-840A-52AE822BB074}.Ad-Hoc|iPhoneSimulator.ActiveCfg = Release|Any CPU
		{9A52D383-9C15-4A02-840A-52AE822BB074}.Ad-Hoc|iPhoneSimulator.Build.0 = Release|Any CPU
		{9A52D383-9C15-4A02-840A-52AE822BB074}.Ad-Hoc|x64.ActiveCfg = Release|Any CPU
		{9A52D383-9C15-4A02-840A-52AE822BB074}.Ad-Hoc|x64.Build.0 = Release|Any CPU
		{9A52D383-9C15-4A02-840A-52AE822BB074}.Ad-Hoc|x86.ActiveCfg = Release|Any CPU
		{9A52D383-9C15-4A02-840A-52AE822BB074}.Ad-Hoc|x86.Build.0 = Release|Any CPU
		{9A52D383-9C15-4A02-840A-52AE822BB074}.AppStore|Any CPU.ActiveCfg = Release|Any CPU
		{9A52D383-9C15-4A02-840A-52AE822BB074}.AppStore|Any CPU.Build.0 = Release|Any CPU
		{9A52D383-9C15-4A02-840A-52AE822BB074}.AppStore|ARM.ActiveCfg = Release|Any CPU
		{9A52D383-9C15-4A02-840A-52AE822BB074}.AppStore|ARM.Build.0 = Release|Any CPU
		{9A52D383-9C15-4A02-840A-52AE822BB074}.AppStore|iPhone.ActiveCfg = Release|Any CPU
		{9A52D383-9C15-4A02-840A-52AE822BB074}.AppStore|iPhone.Build.0 = Release|Any CPU
		{9A52D383-9C15-4A02-840A-52AE822BB074}.AppStore|iPhoneSimulator.ActiveCfg = Release|Any CPU
		{9A52D383-9C15-4A02-840A-52AE822BB074}.AppStore|iPhoneSimulator.Build.0 = Release|Any CPU
		{9A52D383-9C15-4A02-840A-52AE822BB074}.AppStore|x64.ActiveCfg = Release|Any CPU
		{9A52D383-9C15-4A02-840A-52AE822BB074}.AppStore|x64.Build.0 = Release|Any CPU
		{9A52D383-9C15-4A02-840A-52AE822BB074}.AppStore|x86.ActiveCfg = Release|Any CPU
		{9A52D383-9C15-4A02-840A-52AE822BB074}.AppStore|x86.Build.0 = Release|Any CPU
		{9A52D383-9C15-4A02-840A-52AE822BB074}.Debug|Any CPU.ActiveCfg = Debug|Any CPU
		{9A52D383-9C15-4A02-840A-52AE822BB074}.Debug|Any CPU.Build.0 = Debug|Any CPU
		{9A52D383-9C15-4A02-840A-52AE822BB074}.Debug|ARM.ActiveCfg = Debug|Any CPU
		{9A52D383-9C15-4A02-840A-52AE822BB074}.Debug|ARM.Build.0 = Debug|Any CPU
		{9A52D383-9C15-4A02-840A-52AE822BB074}.Debug|iPhone.ActiveCfg = Debug|Any CPU
		{9A52D383-9C15-4A02-840A-52AE822BB074}.Debug|iPhone.Build.0 = Debug|Any CPU
		{9A52D383-9C15-4A02-840A-52AE822BB074}.Debug|iPhoneSimulator.ActiveCfg = Debug|Any CPU
		{9A52D383-9C15-4A02-840A-52AE822BB074}.Debug|iPhoneSimulator.Build.0 = Debug|Any CPU
		{9A52D383-9C15-4A02-840A-52AE822BB074}.Debug|x64.ActiveCfg = Debug|Any CPU
		{9A52D383-9C15-4A02-840A-52AE822BB074}.Debug|x64.Build.0 = Debug|Any CPU
		{9A52D383-9C15-4A02-840A-52AE822BB074}.Debug|x86.ActiveCfg = Debug|Any CPU
		{9A52D383-9C15-4A02-840A-52AE822BB074}.Debug|x86.Build.0 = Debug|Any CPU
		{9A52D383-9C15-4A02-840A-52AE822BB074}.Release|Any CPU.ActiveCfg = Release|Any CPU
		{9A52D383-9C15-4A02-840A-52AE822BB074}.Release|Any CPU.Build.0 = Release|Any CPU
		{9A52D383-9C15-4A02-840A-52AE822BB074}.Release|ARM.ActiveCfg = Release|Any CPU
		{9A52D383-9C15-4A02-840A-52AE822BB074}.Release|ARM.Build.0 = Release|Any CPU
		{9A52D383-9C15-4A02-840A-52AE822BB074}.Release|iPhone.ActiveCfg = Release|Any CPU
		{9A52D383-9C15-4A02-840A-52AE822BB074}.Release|iPhone.Build.0 = Release|Any CPU
		{9A52D383-9C15-4A02-840A-52AE822BB074}.Release|iPhoneSimulator.ActiveCfg = Release|Any CPU
		{9A52D383-9C15-4A02-840A-52AE822BB074}.Release|iPhoneSimulator.Build.0 = Release|Any CPU
		{9A52D383-9C15-4A02-840A-52AE822BB074}.Release|x64.ActiveCfg = Release|Any CPU
		{9A52D383-9C15-4A02-840A-52AE822BB074}.Release|x64.Build.0 = Release|Any CPU
		{9A52D383-9C15-4A02-840A-52AE822BB074}.Release|x86.ActiveCfg = Release|Any CPU
		{9A52D383-9C15-4A02-840A-52AE822BB074}.Release|x86.Build.0 = Release|Any CPU
		{90F18455-0874-4B5E-8F5C-37C1E80F715C}.Ad-Hoc|Any CPU.ActiveCfg = Release|Any CPU
		{90F18455-0874-4B5E-8F5C-37C1E80F715C}.Ad-Hoc|Any CPU.Build.0 = Release|Any CPU
		{90F18455-0874-4B5E-8F5C-37C1E80F715C}.Ad-Hoc|Any CPU.Deploy.0 = Release|Any CPU
		{90F18455-0874-4B5E-8F5C-37C1E80F715C}.Ad-Hoc|ARM.ActiveCfg = Release|Any CPU
		{90F18455-0874-4B5E-8F5C-37C1E80F715C}.Ad-Hoc|ARM.Build.0 = Release|Any CPU
		{90F18455-0874-4B5E-8F5C-37C1E80F715C}.Ad-Hoc|ARM.Deploy.0 = Release|Any CPU
		{90F18455-0874-4B5E-8F5C-37C1E80F715C}.Ad-Hoc|iPhone.ActiveCfg = Release|Any CPU
		{90F18455-0874-4B5E-8F5C-37C1E80F715C}.Ad-Hoc|iPhone.Build.0 = Release|Any CPU
		{90F18455-0874-4B5E-8F5C-37C1E80F715C}.Ad-Hoc|iPhone.Deploy.0 = Release|Any CPU
		{90F18455-0874-4B5E-8F5C-37C1E80F715C}.Ad-Hoc|iPhoneSimulator.ActiveCfg = Release|Any CPU
		{90F18455-0874-4B5E-8F5C-37C1E80F715C}.Ad-Hoc|iPhoneSimulator.Build.0 = Release|Any CPU
		{90F18455-0874-4B5E-8F5C-37C1E80F715C}.Ad-Hoc|iPhoneSimulator.Deploy.0 = Release|Any CPU
		{90F18455-0874-4B5E-8F5C-37C1E80F715C}.Ad-Hoc|x64.ActiveCfg = Release|Any CPU
		{90F18455-0874-4B5E-8F5C-37C1E80F715C}.Ad-Hoc|x64.Build.0 = Release|Any CPU
		{90F18455-0874-4B5E-8F5C-37C1E80F715C}.Ad-Hoc|x64.Deploy.0 = Release|Any CPU
		{90F18455-0874-4B5E-8F5C-37C1E80F715C}.Ad-Hoc|x86.ActiveCfg = Release|Any CPU
		{90F18455-0874-4B5E-8F5C-37C1E80F715C}.Ad-Hoc|x86.Build.0 = Release|Any CPU
		{90F18455-0874-4B5E-8F5C-37C1E80F715C}.Ad-Hoc|x86.Deploy.0 = Release|Any CPU
		{90F18455-0874-4B5E-8F5C-37C1E80F715C}.AppStore|Any CPU.ActiveCfg = Release|Any CPU
		{90F18455-0874-4B5E-8F5C-37C1E80F715C}.AppStore|Any CPU.Build.0 = Release|Any CPU
		{90F18455-0874-4B5E-8F5C-37C1E80F715C}.AppStore|Any CPU.Deploy.0 = Release|Any CPU
		{90F18455-0874-4B5E-8F5C-37C1E80F715C}.AppStore|ARM.ActiveCfg = Release|Any CPU
		{90F18455-0874-4B5E-8F5C-37C1E80F715C}.AppStore|ARM.Build.0 = Release|Any CPU
		{90F18455-0874-4B5E-8F5C-37C1E80F715C}.AppStore|ARM.Deploy.0 = Release|Any CPU
		{90F18455-0874-4B5E-8F5C-37C1E80F715C}.AppStore|iPhone.ActiveCfg = Release|Any CPU
		{90F18455-0874-4B5E-8F5C-37C1E80F715C}.AppStore|iPhone.Build.0 = Release|Any CPU
		{90F18455-0874-4B5E-8F5C-37C1E80F715C}.AppStore|iPhone.Deploy.0 = Release|Any CPU
		{90F18455-0874-4B5E-8F5C-37C1E80F715C}.AppStore|iPhoneSimulator.ActiveCfg = Release|Any CPU
		{90F18455-0874-4B5E-8F5C-37C1E80F715C}.AppStore|iPhoneSimulator.Build.0 = Release|Any CPU
		{90F18455-0874-4B5E-8F5C-37C1E80F715C}.AppStore|iPhoneSimulator.Deploy.0 = Release|Any CPU
		{90F18455-0874-4B5E-8F5C-37C1E80F715C}.AppStore|x64.ActiveCfg = Release|Any CPU
		{90F18455-0874-4B5E-8F5C-37C1E80F715C}.AppStore|x64.Build.0 = Release|Any CPU
		{90F18455-0874-4B5E-8F5C-37C1E80F715C}.AppStore|x64.Deploy.0 = Release|Any CPU
		{90F18455-0874-4B5E-8F5C-37C1E80F715C}.AppStore|x86.ActiveCfg = Release|Any CPU
		{90F18455-0874-4B5E-8F5C-37C1E80F715C}.AppStore|x86.Build.0 = Release|Any CPU
		{90F18455-0874-4B5E-8F5C-37C1E80F715C}.AppStore|x86.Deploy.0 = Release|Any CPU
		{90F18455-0874-4B5E-8F5C-37C1E80F715C}.Debug|Any CPU.ActiveCfg = Debug|Any CPU
		{90F18455-0874-4B5E-8F5C-37C1E80F715C}.Debug|Any CPU.Build.0 = Debug|Any CPU
		{90F18455-0874-4B5E-8F5C-37C1E80F715C}.Debug|Any CPU.Deploy.0 = Debug|Any CPU
		{90F18455-0874-4B5E-8F5C-37C1E80F715C}.Debug|ARM.ActiveCfg = Debug|Any CPU
		{90F18455-0874-4B5E-8F5C-37C1E80F715C}.Debug|ARM.Build.0 = Debug|Any CPU
		{90F18455-0874-4B5E-8F5C-37C1E80F715C}.Debug|ARM.Deploy.0 = Debug|Any CPU
		{90F18455-0874-4B5E-8F5C-37C1E80F715C}.Debug|iPhone.ActiveCfg = Debug|Any CPU
		{90F18455-0874-4B5E-8F5C-37C1E80F715C}.Debug|iPhone.Build.0 = Debug|Any CPU
		{90F18455-0874-4B5E-8F5C-37C1E80F715C}.Debug|iPhone.Deploy.0 = Debug|Any CPU
		{90F18455-0874-4B5E-8F5C-37C1E80F715C}.Debug|iPhoneSimulator.ActiveCfg = Debug|Any CPU
		{90F18455-0874-4B5E-8F5C-37C1E80F715C}.Debug|iPhoneSimulator.Build.0 = Debug|Any CPU
		{90F18455-0874-4B5E-8F5C-37C1E80F715C}.Debug|iPhoneSimulator.Deploy.0 = Debug|Any CPU
		{90F18455-0874-4B5E-8F5C-37C1E80F715C}.Debug|x64.ActiveCfg = Debug|Any CPU
		{90F18455-0874-4B5E-8F5C-37C1E80F715C}.Debug|x64.Build.0 = Debug|Any CPU
		{90F18455-0874-4B5E-8F5C-37C1E80F715C}.Debug|x64.Deploy.0 = Debug|Any CPU
		{90F18455-0874-4B5E-8F5C-37C1E80F715C}.Debug|x86.ActiveCfg = Debug|Any CPU
		{90F18455-0874-4B5E-8F5C-37C1E80F715C}.Debug|x86.Build.0 = Debug|Any CPU
		{90F18455-0874-4B5E-8F5C-37C1E80F715C}.Debug|x86.Deploy.0 = Debug|Any CPU
		{90F18455-0874-4B5E-8F5C-37C1E80F715C}.Release|Any CPU.ActiveCfg = Release|Any CPU
		{90F18455-0874-4B5E-8F5C-37C1E80F715C}.Release|Any CPU.Build.0 = Release|Any CPU
		{90F18455-0874-4B5E-8F5C-37C1E80F715C}.Release|Any CPU.Deploy.0 = Release|Any CPU
		{90F18455-0874-4B5E-8F5C-37C1E80F715C}.Release|ARM.ActiveCfg = Release|Any CPU
		{90F18455-0874-4B5E-8F5C-37C1E80F715C}.Release|ARM.Build.0 = Release|Any CPU
		{90F18455-0874-4B5E-8F5C-37C1E80F715C}.Release|ARM.Deploy.0 = Release|Any CPU
		{90F18455-0874-4B5E-8F5C-37C1E80F715C}.Release|iPhone.ActiveCfg = Release|Any CPU
		{90F18455-0874-4B5E-8F5C-37C1E80F715C}.Release|iPhone.Build.0 = Release|Any CPU
		{90F18455-0874-4B5E-8F5C-37C1E80F715C}.Release|iPhone.Deploy.0 = Release|Any CPU
		{90F18455-0874-4B5E-8F5C-37C1E80F715C}.Release|iPhoneSimulator.ActiveCfg = Release|Any CPU
		{90F18455-0874-4B5E-8F5C-37C1E80F715C}.Release|iPhoneSimulator.Build.0 = Release|Any CPU
		{90F18455-0874-4B5E-8F5C-37C1E80F715C}.Release|iPhoneSimulator.Deploy.0 = Release|Any CPU
		{90F18455-0874-4B5E-8F5C-37C1E80F715C}.Release|x64.ActiveCfg = Release|Any CPU
		{90F18455-0874-4B5E-8F5C-37C1E80F715C}.Release|x64.Build.0 = Release|Any CPU
		{90F18455-0874-4B5E-8F5C-37C1E80F715C}.Release|x64.Deploy.0 = Release|Any CPU
		{90F18455-0874-4B5E-8F5C-37C1E80F715C}.Release|x86.ActiveCfg = Release|Any CPU
		{90F18455-0874-4B5E-8F5C-37C1E80F715C}.Release|x86.Build.0 = Release|Any CPU
		{90F18455-0874-4B5E-8F5C-37C1E80F715C}.Release|x86.Deploy.0 = Release|Any CPU
		{78DACEFB-9474-4A89-9FFF-9E937DA45CB0}.Ad-Hoc|Any CPU.ActiveCfg = Ad-Hoc|iPhone
		{78DACEFB-9474-4A89-9FFF-9E937DA45CB0}.Ad-Hoc|ARM.ActiveCfg = Ad-Hoc|iPhone
		{78DACEFB-9474-4A89-9FFF-9E937DA45CB0}.Ad-Hoc|iPhone.ActiveCfg = Ad-Hoc|iPhone
		{78DACEFB-9474-4A89-9FFF-9E937DA45CB0}.Ad-Hoc|iPhone.Build.0 = Ad-Hoc|iPhone
		{78DACEFB-9474-4A89-9FFF-9E937DA45CB0}.Ad-Hoc|iPhoneSimulator.ActiveCfg = Ad-Hoc|iPhoneSimulator
		{78DACEFB-9474-4A89-9FFF-9E937DA45CB0}.Ad-Hoc|iPhoneSimulator.Build.0 = Ad-Hoc|iPhoneSimulator
		{78DACEFB-9474-4A89-9FFF-9E937DA45CB0}.Ad-Hoc|x64.ActiveCfg = Ad-Hoc|iPhone
		{78DACEFB-9474-4A89-9FFF-9E937DA45CB0}.Ad-Hoc|x86.ActiveCfg = Ad-Hoc|iPhone
		{78DACEFB-9474-4A89-9FFF-9E937DA45CB0}.AppStore|Any CPU.ActiveCfg = AppStore|iPhone
		{78DACEFB-9474-4A89-9FFF-9E937DA45CB0}.AppStore|ARM.ActiveCfg = AppStore|iPhone
		{78DACEFB-9474-4A89-9FFF-9E937DA45CB0}.AppStore|iPhone.ActiveCfg = AppStore|iPhone
		{78DACEFB-9474-4A89-9FFF-9E937DA45CB0}.AppStore|iPhone.Build.0 = AppStore|iPhone
		{78DACEFB-9474-4A89-9FFF-9E937DA45CB0}.AppStore|iPhoneSimulator.ActiveCfg = AppStore|iPhoneSimulator
		{78DACEFB-9474-4A89-9FFF-9E937DA45CB0}.AppStore|iPhoneSimulator.Build.0 = AppStore|iPhoneSimulator
		{78DACEFB-9474-4A89-9FFF-9E937DA45CB0}.AppStore|x64.ActiveCfg = AppStore|iPhone
		{78DACEFB-9474-4A89-9FFF-9E937DA45CB0}.AppStore|x86.ActiveCfg = AppStore|iPhone
		{78DACEFB-9474-4A89-9FFF-9E937DA45CB0}.Debug|Any CPU.ActiveCfg = Debug|iPhone
		{78DACEFB-9474-4A89-9FFF-9E937DA45CB0}.Debug|ARM.ActiveCfg = Debug|iPhone
		{78DACEFB-9474-4A89-9FFF-9E937DA45CB0}.Debug|iPhone.ActiveCfg = Debug|iPhone
		{78DACEFB-9474-4A89-9FFF-9E937DA45CB0}.Debug|iPhone.Build.0 = Debug|iPhone
		{78DACEFB-9474-4A89-9FFF-9E937DA45CB0}.Debug|iPhoneSimulator.ActiveCfg = Debug|iPhoneSimulator
		{78DACEFB-9474-4A89-9FFF-9E937DA45CB0}.Debug|iPhoneSimulator.Build.0 = Debug|iPhoneSimulator
		{78DACEFB-9474-4A89-9FFF-9E937DA45CB0}.Debug|x64.ActiveCfg = Debug|iPhone
		{78DACEFB-9474-4A89-9FFF-9E937DA45CB0}.Debug|x86.ActiveCfg = Debug|iPhone
		{78DACEFB-9474-4A89-9FFF-9E937DA45CB0}.Release|Any CPU.ActiveCfg = Release|iPhone
		{78DACEFB-9474-4A89-9FFF-9E937DA45CB0}.Release|ARM.ActiveCfg = Release|iPhone
		{78DACEFB-9474-4A89-9FFF-9E937DA45CB0}.Release|iPhone.ActiveCfg = Release|iPhone
		{78DACEFB-9474-4A89-9FFF-9E937DA45CB0}.Release|iPhone.Build.0 = Release|iPhone
		{78DACEFB-9474-4A89-9FFF-9E937DA45CB0}.Release|iPhoneSimulator.ActiveCfg = Release|iPhoneSimulator
		{78DACEFB-9474-4A89-9FFF-9E937DA45CB0}.Release|iPhoneSimulator.Build.0 = Release|iPhoneSimulator
		{78DACEFB-9474-4A89-9FFF-9E937DA45CB0}.Release|x64.ActiveCfg = Release|iPhone
		{78DACEFB-9474-4A89-9FFF-9E937DA45CB0}.Release|x86.ActiveCfg = Release|iPhone
		{0F709C7D-34C8-400D-88DE-7444BE9EFB96}.Ad-Hoc|Any CPU.ActiveCfg = Release|x86
		{0F709C7D-34C8-400D-88DE-7444BE9EFB96}.Ad-Hoc|Any CPU.Build.0 = Release|x86
		{0F709C7D-34C8-400D-88DE-7444BE9EFB96}.Ad-Hoc|Any CPU.Deploy.0 = Release|x86
		{0F709C7D-34C8-400D-88DE-7444BE9EFB96}.Ad-Hoc|ARM.ActiveCfg = Release|ARM
		{0F709C7D-34C8-400D-88DE-7444BE9EFB96}.Ad-Hoc|ARM.Build.0 = Release|ARM
		{0F709C7D-34C8-400D-88DE-7444BE9EFB96}.Ad-Hoc|ARM.Deploy.0 = Release|ARM
		{0F709C7D-34C8-400D-88DE-7444BE9EFB96}.Ad-Hoc|iPhone.ActiveCfg = Release|x86
		{0F709C7D-34C8-400D-88DE-7444BE9EFB96}.Ad-Hoc|iPhone.Build.0 = Release|x86
		{0F709C7D-34C8-400D-88DE-7444BE9EFB96}.Ad-Hoc|iPhone.Deploy.0 = Release|x86
		{0F709C7D-34C8-400D-88DE-7444BE9EFB96}.Ad-Hoc|iPhoneSimulator.ActiveCfg = Release|x86
		{0F709C7D-34C8-400D-88DE-7444BE9EFB96}.Ad-Hoc|iPhoneSimulator.Build.0 = Release|x86
		{0F709C7D-34C8-400D-88DE-7444BE9EFB96}.Ad-Hoc|iPhoneSimulator.Deploy.0 = Release|x86
		{0F709C7D-34C8-400D-88DE-7444BE9EFB96}.Ad-Hoc|x64.ActiveCfg = Release|x64
		{0F709C7D-34C8-400D-88DE-7444BE9EFB96}.Ad-Hoc|x64.Build.0 = Release|x64
		{0F709C7D-34C8-400D-88DE-7444BE9EFB96}.Ad-Hoc|x64.Deploy.0 = Release|x64
		{0F709C7D-34C8-400D-88DE-7444BE9EFB96}.Ad-Hoc|x86.ActiveCfg = Release|x86
		{0F709C7D-34C8-400D-88DE-7444BE9EFB96}.Ad-Hoc|x86.Build.0 = Release|x86
		{0F709C7D-34C8-400D-88DE-7444BE9EFB96}.Ad-Hoc|x86.Deploy.0 = Release|x86
		{0F709C7D-34C8-400D-88DE-7444BE9EFB96}.AppStore|Any CPU.ActiveCfg = Release|x86
		{0F709C7D-34C8-400D-88DE-7444BE9EFB96}.AppStore|Any CPU.Build.0 = Release|x86
		{0F709C7D-34C8-400D-88DE-7444BE9EFB96}.AppStore|Any CPU.Deploy.0 = Release|x86
		{0F709C7D-34C8-400D-88DE-7444BE9EFB96}.AppStore|ARM.ActiveCfg = Release|ARM
		{0F709C7D-34C8-400D-88DE-7444BE9EFB96}.AppStore|ARM.Build.0 = Release|ARM
		{0F709C7D-34C8-400D-88DE-7444BE9EFB96}.AppStore|ARM.Deploy.0 = Release|ARM
		{0F709C7D-34C8-400D-88DE-7444BE9EFB96}.AppStore|iPhone.ActiveCfg = Release|x86
		{0F709C7D-34C8-400D-88DE-7444BE9EFB96}.AppStore|iPhone.Build.0 = Release|x86
		{0F709C7D-34C8-400D-88DE-7444BE9EFB96}.AppStore|iPhone.Deploy.0 = Release|x86
		{0F709C7D-34C8-400D-88DE-7444BE9EFB96}.AppStore|iPhoneSimulator.ActiveCfg = Release|x86
		{0F709C7D-34C8-400D-88DE-7444BE9EFB96}.AppStore|iPhoneSimulator.Build.0 = Release|x86
		{0F709C7D-34C8-400D-88DE-7444BE9EFB96}.AppStore|iPhoneSimulator.Deploy.0 = Release|x86
		{0F709C7D-34C8-400D-88DE-7444BE9EFB96}.AppStore|x64.ActiveCfg = Release|x64
		{0F709C7D-34C8-400D-88DE-7444BE9EFB96}.AppStore|x64.Build.0 = Release|x64
		{0F709C7D-34C8-400D-88DE-7444BE9EFB96}.AppStore|x64.Deploy.0 = Release|x64
		{0F709C7D-34C8-400D-88DE-7444BE9EFB96}.AppStore|x86.ActiveCfg = Release|x86
		{0F709C7D-34C8-400D-88DE-7444BE9EFB96}.AppStore|x86.Build.0 = Release|x86
		{0F709C7D-34C8-400D-88DE-7444BE9EFB96}.AppStore|x86.Deploy.0 = Release|x86
		{0F709C7D-34C8-400D-88DE-7444BE9EFB96}.Debug|Any CPU.ActiveCfg = Debug|x86
		{0F709C7D-34C8-400D-88DE-7444BE9EFB96}.Debug|ARM.ActiveCfg = Debug|ARM
		{0F709C7D-34C8-400D-88DE-7444BE9EFB96}.Debug|ARM.Build.0 = Debug|ARM
		{0F709C7D-34C8-400D-88DE-7444BE9EFB96}.Debug|ARM.Deploy.0 = Debug|ARM
		{0F709C7D-34C8-400D-88DE-7444BE9EFB96}.Debug|iPhone.ActiveCfg = Debug|x86
		{0F709C7D-34C8-400D-88DE-7444BE9EFB96}.Debug|iPhoneSimulator.ActiveCfg = Debug|x86
		{0F709C7D-34C8-400D-88DE-7444BE9EFB96}.Debug|x64.ActiveCfg = Debug|x64
		{0F709C7D-34C8-400D-88DE-7444BE9EFB96}.Debug|x64.Build.0 = Debug|x64
		{0F709C7D-34C8-400D-88DE-7444BE9EFB96}.Debug|x64.Deploy.0 = Debug|x64
		{0F709C7D-34C8-400D-88DE-7444BE9EFB96}.Debug|x86.ActiveCfg = Debug|x86
		{0F709C7D-34C8-400D-88DE-7444BE9EFB96}.Debug|x86.Build.0 = Debug|x86
		{0F709C7D-34C8-400D-88DE-7444BE9EFB96}.Debug|x86.Deploy.0 = Debug|x86
		{0F709C7D-34C8-400D-88DE-7444BE9EFB96}.Release|Any CPU.ActiveCfg = Release|x86
		{0F709C7D-34C8-400D-88DE-7444BE9EFB96}.Release|ARM.ActiveCfg = Release|ARM
		{0F709C7D-34C8-400D-88DE-7444BE9EFB96}.Release|ARM.Build.0 = Release|ARM
		{0F709C7D-34C8-400D-88DE-7444BE9EFB96}.Release|ARM.Deploy.0 = Release|ARM
		{0F709C7D-34C8-400D-88DE-7444BE9EFB96}.Release|iPhone.ActiveCfg = Release|x86
		{0F709C7D-34C8-400D-88DE-7444BE9EFB96}.Release|iPhoneSimulator.ActiveCfg = Release|x86
		{0F709C7D-34C8-400D-88DE-7444BE9EFB96}.Release|x64.ActiveCfg = Release|x64
		{0F709C7D-34C8-400D-88DE-7444BE9EFB96}.Release|x64.Build.0 = Release|x64
		{0F709C7D-34C8-400D-88DE-7444BE9EFB96}.Release|x64.Deploy.0 = Release|x64
		{0F709C7D-34C8-400D-88DE-7444BE9EFB96}.Release|x86.ActiveCfg = Release|x86
		{0F709C7D-34C8-400D-88DE-7444BE9EFB96}.Release|x86.Build.0 = Release|x86
		{0F709C7D-34C8-400D-88DE-7444BE9EFB96}.Release|x86.Deploy.0 = Release|x86
	EndGlobalSection
	GlobalSection(SolutionProperties) = preSolution
		HideSolutionNode = FALSE
	EndGlobalSection
	GlobalSection(ExtensibilityGlobals) = postSolution
		SolutionGuid = {BA09F68A-9C90-4C57-AF86-16740C33B271}
	EndGlobalSection
EndGlobal
